
Microsoft Visual Studio Solution File, Format Version 12.00
# Visual Studio 15
VisualStudioVersion = 15.0.27428.2037
MinimumVisualStudioVersion = 10.0.40219.1
Project("{8BC9CEB8-8B4A-11D0-8D11-00A0C91BC942}") = "数据结构教程", "数据结构教程\数据结构教程.vcxproj", "{D721FC3F-1A41-4D51-A1B5-4889CDDBF8AC}"
EndProject
Project("{8BC9CEB8-8B4A-11D0-8D11-00A0C91BC942}") = "数据结构与算法分析C++", "数据结构与算法分析C++\数据结构与算法分析C++.vcxproj", "{7EEDFB90-CD0B-4D68-A562-13DE7C15EB4B}"
EndProject
Project("{8BC9CEB8-8B4A-11D0-8D11-00A0C91BC942}") = "算法设计与分析", "算法设计与分析\算法设计与分析.vcxproj", "{DB1121A0-3325-4242-9CC3-CA47738C724A}"
EndProject
Project("{8BC9CEB8-8B4A-11D0-8D11-00A0C91BC942}") = "C++Primer", "C++Primer\C++Primer.vcxproj", "{B5C54A4C-A44C-4587-AD7D-C2C169C131F3}"
EndProject
Global
	GlobalSection(SolutionConfigurationPlatforms) = preSolution
		Debug|x64 = Debug|x64
		Debug|x86 = Debug|x86
		Release|x64 = Release|x64
		Release|x86 = Release|x86
	EndGlobalSection
	GlobalSection(ProjectConfigurationPlatforms) = postSolution
		{D721FC3F-1A41-4D51-A1B5-4889CDDBF8AC}.Debug|x64.ActiveCfg = Debug|x64
		{D721FC3F-1A41-4D51-A1B5-4889CDDBF8AC}.Debug|x64.Build.0 = Debug|x64
		{D721FC3F-1A41-4D51-A1B5-4889CDDBF8AC}.Debug|x86.ActiveCfg = Debug|Win32
		{D721FC3F-1A41-4D51-A1B5-4889CDDBF8AC}.Debug|x86.Build.0 = Debug|Win32
		{D721FC3F-1A41-4D51-A1B5-4889CDDBF8AC}.Release|x64.ActiveCfg = Release|x64
		{D721FC3F-1A41-4D51-A1B5-4889CDDBF8AC}.Release|x64.Build.0 = Release|x64
		{D721FC3F-1A41-4D51-A1B5-4889CDDBF8AC}.Release|x86.ActiveCfg = Release|Win32
		{D721FC3F-1A41-4D51-A1B5-4889CDDBF8AC}.Release|x86.Build.0 = Release|Win32
		{7EEDFB90-CD0B-4D68-A562-13DE7C15EB4B}.Debug|x64.ActiveCfg = Debug|x64
		{7EEDFB90-CD0B-4D68-A562-13DE7C15EB4B}.Debug|x64.Build.0 = Debug|x64
		{7EEDFB90-CD0B-4D68-A562-13DE7C15EB4B}.Debug|x86.ActiveCfg = Debug|Win32
		{7EEDFB90-CD0B-4D68-A562-13DE7C15EB4B}.Debug|x86.Build.0 = Debug|Win32
		{7EEDFB90-CD0B-4D68-A562-13DE7C15EB4B}.Release|x64.ActiveCfg = Release|x64
		{7EEDFB90-CD0B-4D68-A562-13DE7C15EB4B}.Release|x64.Build.0 = Release|x64
		{7EEDFB90-CD0B-4D68-A562-13DE7C15EB4B}.Release|x86.ActiveCfg = Release|Win32
		{7EEDFB90-CD0B-4D68-A562-13DE7C15EB4B}.Release|x86.Build.0 = Release|Win32
		{DB1121A0-3325-4242-9CC3-CA47738C724A}.Debug|x64.ActiveCfg = Debug|x64
		{DB1121A0-3325-4242-9CC3-CA47738C724A}.Debug|x64.Build.0 = Debug|x64
		{DB1121A0-3325-4242-9CC3-CA47738C724A}.Debug|x86.ActiveCfg = Debug|Win32
		{DB1121A0-3325-4242-9CC3-CA47738C724A}.Debug|x86.Build.0 = Debug|Win32
		{DB1121A0-3325-4242-9CC3-CA47738C724A}.Release|x64.ActiveCfg = Release|x64
		{DB1121A0-3325-4242-9CC3-CA47738C724A}.Release|x64.Build.0 = Release|x64
		{DB1121A0-3325-4242-9CC3-CA47738C724A}.Release|x86.ActiveCfg = Release|Win32
		{DB1121A0-3325-4242-9CC3-CA47738C724A}.Release|x86.Build.0 = Release|Win32
		{B5C54A4C-A44C-4587-AD7D-C2C169C131F3}.Debug|x64.ActiveCfg = Debug|x64
		{B5C54A4C-A44C-4587-AD7D-C2C169C131F3}.Debug|x64.Build.0 = Debug|x64
		{B5C54A4C-A44C-4587-AD7D-C2C169C131F3}.Debug|x86.ActiveCfg = Debug|Win32
		{B5C54A4C-A44C-4587-AD7D-C2C169C131F3}.Debug|x86.Build.0 = Debug|Win32
		{B5C54A4C-A44C-4587-AD7D-C2C169C131F3}.Release|x64.ActiveCfg = Release|x64
		{B5C54A4C-A44C-4587-AD7D-C2C169C131F3}.Release|x64.Build.0 = Release|x64
		{B5C54A4C-A44C-4587-AD7D-C2C169C131F3}.Release|x86.ActiveCfg = Release|Win32
		{B5C54A4C-A44C-4587-AD7D-C2C169C131F3}.Release|x86.Build.0 = Release|Win32
	EndGlobalSection
	GlobalSection(SolutionProperties) = preSolution
		HideSolutionNode = FALSE
	EndGlobalSection
	GlobalSection(ExtensibilityGlobals) = postSolution
		SolutionGuid = {F0DED8B0-EFA7-4CA2-ABBE-F7511E9D54CF}
	EndGlobalSection
EndGlobal
